{
  "name": "m100-bootstrap",
  "version": "1.1.0",
  "lockfileVersion": 3,
  "requires": true,
  "packages": {
    "": {
      "name": "m100-bootstrap",
      "version": "1.1.0",
      "license": "MIT",
      "dependencies": {
        "@m100/runtime-installer": "file:vendor/runtime-installer"
      }
    },
    "node_modules/@m100/runtime-installer": {
      "resolved": "vendor/runtime-installer",
      "link": true
    },
    "vendor/runtime-installer": {
      "name": "@m100/runtime-installer",
      "version": "1.1.0",
      "license": "MIT",
      "bin": {
        "m100-runtime-install": "runtime-install.sh"
      }
    }
  }
}
